// !$*UTF8*$!
{
	archiveVersion = 1;
	classes = {
	};
	objectVersion = 77;
	objects = {

/* Begin PBXBuildFile section */
		5CFFCB342E22BC68009AB056 /* SDWebImageSwiftUI in Frameworks */ = {isa = PBXBuildFile; productRef = 5CFFCB332E22BC68009AB056 /* SDWebImageSwiftUI */; };
/* End PBXBuildFile section */

/* Begin PBXContainerItemProxy section */
		5CFFCABC2E22B4F0009AB056 /* PBXContainerItemProxy */ = {
			isa = PBXContainerItemProxy;
			containerPortal = 5CFFCAA62E22B4EF009AB056 /* Project object */;
			proxyType = 1;
			remoteGlobalIDString = 5CFFCAAD2E22B4EF009AB056;
			remoteInfo = Crypto.iOS;
		};
		5CFFCAC62E22B4F0009AB056 /* PBXContainerItemProxy */ = {
			isa = PBXContainerItemProxy;
			containerPortal = 5CFFCAA62E22B4EF009AB056 /* Project object */;
			proxyType = 1;
			remoteGlobalIDString = 5CFFCAAD2E22B4EF009AB056;
			remoteInfo = Crypto.iOS;
		};
/* End PBXContainerItemProxy section */

/* Begin PBXFileReference section */
		5CFFCAAE2E22B4EF009AB056 /* Crypto.iOS.app */ = {isa = PBXFileReference; explicitFileType = wrapper.application; includeInIndex = 0; path = Crypto.iOS.app; sourceTree = BUILT_PRODUCTS_DIR; };
		5CFFCABB2E22B4F0009AB056 /* Crypto.iOSTests.xctest */ = {isa = PBXFileReference; explicitFileType = wrapper.cfbundle; includeInIndex = 0; path = Crypto.iOSTests.xctest; sourceTree = BUILT_PRODUCTS_DIR; };
		5CFFCAC52E22B4F0009AB056 /* Crypto.iOSUITests.xctest */ = {isa = PBXFileReference; explicitFileType = wrapper.cfbundle; includeInIndex = 0; path = Crypto.iOSUITests.xctest; sourceTree = BUILT_PRODUCTS_DIR; };
/* End PBXFileReference section */

/* Begin PBXFileSystemSynchronizedRootGroup section */
		5CFFCAB02E22B4EF009AB056 /* Crypto.iOS */ = {
			isa = PBXFileSystemSynchronizedRootGroup;
			path = Crypto.iOS;
			sourceTree = "<group>";
		};
		5CFFCABE2E22B4F0009AB056 /* Crypto.iOSTests */ = {
			isa = PBXFileSystemSynchronizedRootGroup;
			path = Crypto.iOSTests;
			sourceTree = "<group>";
		};
		5CFFCAC82E22B4F0009AB056 /* Crypto.iOSUITests */ = {
			isa = PBXFileSystemSynchronizedRootGroup;
			path = Crypto.iOSUITests;
			sourceTree = "<group>";
		};
/* End PBXFileSystemSynchronizedRootGroup section */

/* Begin PBXFrameworksBuildPhase section */
		5CFFCAAB2E22B4EF009AB056 /* Frameworks */ = {
			isa = PBXFrameworksBuildPhase;
			buildActionMask = 2147483647;
			files = (
				5CFFCB342E22BC68009AB056 /* SDWebImageSwiftUI in Frameworks */,
			);
			runOnlyForDeploymentPostprocessing = 0;
		};
		5CFFCAB82E22B4F0009AB056 /* Frameworks */ = {
			isa = PBXFrameworksBuildPhase;
			buildActionMask = 2147483647;
			files = (
			);
			runOnlyForDeploymentPostprocessing = 0;
		};
		5CFFCAC22E22B4F0009AB056 /* Frameworks */ = {
			isa = PBXFrameworksBuildPhase;
			buildActionMask = 2147483647;
			files = (
			);
			runOnlyForDeploymentPostprocessing = 0;
		};
/* End PBXFrameworksBuildPhase section */

/* Begin PBXGroup section */
		5CFFCAA52E22B4EF009AB056 = {
			isa = PBXGroup;
			children = (
				5CFFCAB02E22B4EF009AB056 /* Crypto.iOS */,
				5CFFCABE2E22B4F0009AB056 /* Crypto.iOSTests */,
				5CFFCAC82E22B4F0009AB056 /* Crypto.iOSUITests */,
				5CFFCAAF2E22B4EF009AB056 /* Products */,
			);
			sourceTree = "<group>";
		};
		5CFFCAAF2E22B4EF009AB056 /* Products */ = {
			isa = PBXGroup;
			children = (
				5CFFCAAE2E22B4EF009AB056 /* Crypto.iOS.app */,
				5CFFCABB2E22B4F0009AB056 /* Crypto.iOSTests.xctest */,
				5CFFCAC52E22B4F0009AB056 /* Crypto.iOSUITests.xctest */,
			);
			name = Products;
			sourceTree = "<group>";
		};
/* End PBXGroup section */

/* Begin PBXNativeTarget section */
		5CFFCAAD2E22B4EF009AB056 /* Crypto.iOS */ = {
			isa = PBXNativeTarget;
			buildConfigurationList = 5CFFCACF2E22B4F0009AB056 /* Build configuration list for PBXNativeTarget "Crypto.iOS" */;
			buildPhases = (
				5CFFCAAA2E22B4EF009AB056 /* Sources */,
				5CFFCAAB2E22B4EF009AB056 /* Frameworks */,
				5CFFCAAC2E22B4EF009AB056 /* Resources */,
			);
			buildRules = (
			);
			dependencies = (
			);
			fileSystemSynchronizedGroups = (
				5CFFCAB02E22B4EF009AB056 /* Crypto.iOS */,
			);
			name = Crypto.iOS;
			packageProductDependencies = (
				5CFFCB332E22BC68009AB056 /* SDWebImageSwiftUI */,
			);
			productName = Crypto.iOS;
			productReference = 5CFFCAAE2E22B4EF009AB056 /* Crypto.iOS.app */;
			productType = "com.apple.product-type.application";
		};
		5CFFCABA2E22B4F0009AB056 /* Crypto.iOSTests */ = {
			isa = PBXNativeTarget;
			buildConfigurationList = 5CFFCAD22E22B4F0009AB056 /* Build configuration list for PBXNativeTarget "Crypto.iOSTests" */;
			buildPhases = (
				5CFFCAB72E22B4F0009AB056 /* Sources */,
				5CFFCAB82E22B4F0009AB056 /* Frameworks */,
				5CFFCAB92E22B4F0009AB056 /* Resources */,
			);
			buildRules = (
			);
			dependencies = (
				5CFFCABD2E22B4F0009AB056 /* PBXTargetDependency */,
			);
			fileSystemSynchronizedGroups = (
				5CFFCABE2E22B4F0009AB056 /* Crypto.iOSTests */,
			);
			name = Crypto.iOSTests;
			packageProductDependencies = (
			);
			productName = Crypto.iOSTests;
			productReference = 5CFFCABB2E22B4F0009AB056 /* Crypto.iOSTests.xctest */;
			productType = "com.apple.product-type.bundle.unit-test";
		};
		5CFFCAC42E22B4F0009AB056 /* Crypto.iOSUITests */ = {
			isa = PBXNativeTarget;
			buildConfigurationList = 5CFFCAD52E22B4F0009AB056 /* Build configuration list for PBXNativeTarget "Crypto.iOSUITests" */;
			buildPhases = (
				5CFFCAC12E22B4F0009AB056 /* Sources */,
				5CFFCAC22E22B4F0009AB056 /* Frameworks */,
				5CFFCAC32E22B4F0009AB056 /* Resources */,
			);
			buildRules = (
			);
			dependencies = (
				5CFFCAC72E22B4F0009AB056 /* PBXTargetDependency */,
			);
			fileSystemSynchronizedGroups = (
				5CFFCAC82E22B4F0009AB056 /* Crypto.iOSUITests */,
			);
			name = Crypto.iOSUITests;
			packageProductDependencies = (
			);
			productName = Crypto.iOSUITests;
			productReference = 5CFFCAC52E22B4F0009AB056 /* Crypto.iOSUITests.xctest */;
			productType = "com.apple.product-type.bundle.ui-testing";
		};
/* End PBXNativeTarget section */

/* Begin PBXProject section */
		5CFFCAA62E22B4EF009AB056 /* Project object */ = {
			isa = PBXProject;
			attributes = {
				BuildIndependentTargetsInParallel = 1;
				LastSwiftUpdateCheck = 1640;
				LastUpgradeCheck = 1640;
				TargetAttributes = {
					5CFFCAAD2E22B4EF009AB056 = {
						CreatedOnToolsVersion = 16.4;
					};
					5CFFCABA2E22B4F0009AB056 = {
						CreatedOnToolsVersion = 16.4;
						TestTargetID = 5CFFCAAD2E22B4EF009AB056;
					};
					5CFFCAC42E22B4F0009AB056 = {
						CreatedOnToolsVersion = 16.4;
						TestTargetID = 5CFFCAAD2E22B4EF009AB056;
					};
				};
			};
			buildConfigurationList = 5CFFCAA92E22B4EF009AB056 /* Build configuration list for PBXProject "Crypto.iOS" */;
			developmentRegion = en;
			hasScannedForEncodings = 0;
			knownRegions = (
				en,
				Base,
			);
			mainGroup = 5CFFCAA52E22B4EF009AB056;
			minimizedProjectReferenceProxies = 1;
			packageReferences = (
				5CFFCB322E22BC68009AB056 /* XCRemoteSwiftPackageReference "SDWebImageSwiftUI" */,
			);
			preferredProjectObjectVersion = 77;
			productRefGroup = 5CFFCAAF2E22B4EF009AB056 /* Products */;
			projectDirPath = "";
			projectRoot = "";
			targets = (
				5CFFCAAD2E22B4EF009AB056 /* Crypto.iOS */,
				5CFFCABA2E22B4F0009AB056 /* Crypto.iOSTests */,
				5CFFCAC42E22B4F0009AB056 /* Crypto.iOSUITests */,
			);
		};
/* End PBXProject section */

/* Begin PBXResourcesBuildPhase section */
		5CFFCAAC2E22B4EF009AB056 /* Resources */ = {
			isa = PBXResourcesBuildPhase;
			buildActionMask = 2147483647;
			files = (
			);
			runOnlyForDeploymentPostprocessing = 0;
		};
		5CFFCAB92E22B4F0009AB056 /* Resources */ = {
			isa = PBXResourcesBuildPhase;
			buildActionMask = 2147483647;
			files = (
			);
			runOnlyForDeploymentPostprocessing = 0;
		};
		5CFFCAC32E22B4F0009AB056 /* Resources */ = {
			isa = PBXResourcesBuildPhase;
			buildActionMask = 2147483647;
			files = (
			);
			runOnlyForDeploymentPostprocessing = 0;
		};
/* End PBXResourcesBuildPhase section */

/* Begin PBXSourcesBuildPhase section */
		5CFFCAAA2E22B4EF009AB056 /* Sources */ = {
			isa = PBXSourcesBuildPhase;
			buildActionMask = 2147483647;
			files = (
			);
			runOnlyForDeploymentPostprocessing = 0;
		};
		5CFFCAB72E22B4F0009AB056 /* Sources */ = {
			isa = PBXSourcesBuildPhase;
			buildActionMask = 2147483647;
			files = (
			);
			runOnlyForDeploymentPostprocessing = 0;
		};
		5CFFCAC12E22B4F0009AB056 /* Sources */ = {
			isa = PBXSourcesBuildPhase;
			buildActionMask = 2147483647;
			files = (
			);
			runOnlyForDeploymentPostprocessing = 0;
		};
/* End PBXSourcesBuildPhase section */

/* Begin PBXTargetDependency section */
		5CFFCABD2E22B4F0009AB056 /* PBXTargetDependency */ = {
			isa = PBXTargetDependency;
			target = 5CFFCAAD2E22B4EF009AB056 /* Crypto.iOS */;
			targetProxy = 5CFFCABC2E22B4F0009AB056 /* PBXContainerItemProxy */;
		};
		5CFFCAC72E22B4F0009AB056 /* PBXTargetDependency */ = {
			isa = PBXTargetDependency;
			target = 5CFFCAAD2E22B4EF009AB056 /* Crypto.iOS */;
			targetProxy = 5CFFCAC62E22B4F0009AB056 /* PBXContainerItemProxy */;
		};
/* End PBXTargetDependency section */

/* Begin XCBuildConfiguration section */
		5CFFCACD2E22B4F0009AB056 /* Debug */ = {
			isa = XCBuildConfiguration;
			buildSettings = {
				ALWAYS_SEARCH_USER_PATHS = NO;
				ASSETCATALOG_COMPILER_GENERATE_SWIFT_ASSET_SYMBOL_EXTENSIONS = YES;
				CLANG_ANALYZER_NONNULL = YES;
				CLANG_ANALYZER_NUMBER_OBJECT_CONVERSION = YES_AGGRESSIVE;
				CLANG_CXX_LANGUAGE_STANDARD = "gnu++20";
				CLANG_ENABLE_MODULES = YES;
				CLANG_ENABLE_OBJC_ARC = YES;
				CLANG_ENABLE_OBJC_WEAK = YES;
				CLANG_WARN_BLOCK_CAPTURE_AUTORELEASING = YES;
				CLANG_WARN_BOOL_CONVERSION = YES;
				CLANG_WARN_COMMA = YES;
				CLANG_WARN_CONSTANT_CONVERSION = YES;
				CLANG_WARN_DEPRECATED_OBJC_IMPLEMENTATIONS = YES;
				CLANG_WARN_DIRECT_OBJC_ISA_USAGE = YES_ERROR;
				CLANG_WARN_DOCUMENTATION_COMMENTS = YES;
				CLANG_WARN_EMPTY_BODY = YES;
				CLANG_WARN_ENUM_CONVERSION = YES;
				CLANG_WARN_INFINITE_RECURSION = YES;
				CLANG_WARN_INT_CONVERSION = YES;
				CLANG_WARN_NON_LITERAL_NULL_CONVERSION = YES;
				CLANG_WARN_OBJC_IMPLICIT_RETAIN_SELF = YES;
				CLANG_WARN_OBJC_LITERAL_CONVERSION = YES;
				CLANG_WARN_OBJC_ROOT_CLASS = YES_ERROR;
				CLANG_WARN_QUOTED_INCLUDE_IN_FRAMEWORK_HEADER = YES;
				CLANG_WARN_RANGE_LOOP_ANALYSIS = YES;
				CLANG_WARN_STRICT_PROTOTYPES = YES;
				CLANG_WARN_SUSPICIOUS_MOVE = YES;
				CLANG_WARN_UNGUARDED_AVAILABILITY = YES_AGGRESSIVE;
				CLANG_WARN_UNREACHABLE_CODE = YES;
				CLANG_WARN__DUPLICATE_METHOD_MATCH = YES;
				COPY_PHASE_STRIP = NO;
				DEBUG_INFORMATION_FORMAT = dwarf;
				DEVELOPMENT_TEAM = C8U2GXV8S7;
				ENABLE_STRICT_OBJC_MSGSEND = YES;
				ENABLE_TESTABILITY = YES;
				ENABLE_USER_SCRIPT_SANDBOXING = YES;
				GCC_C_LANGUAGE_STANDARD = gnu17;
				GCC_DYNAMIC_NO_PIC = NO;
				GCC_NO_COMMON_BLOCKS = YES;
				GCC_OPTIMIZATION_LEVEL = 0;
				GCC_PREPROCESSOR_DEFINITIONS = (
					"DEBUG=1",
					"$(inherited)",
				);
				GCC_WARN_64_TO_32_BIT_CONVERSION = YES;
				GCC_WARN_ABOUT_RETURN_TYPE = YES_ERROR;
				GCC_WARN_UNDECLARED_SELECTOR = YES;
				GCC_WARN_UNINITIALIZED_AUTOS = YES_AGGRESSIVE;
				GCC_WARN_UNUSED_FUNCTION = YES;
				GCC_WARN_UNUSED_VARIABLE = YES;
				IPHONEOS_DEPLOYMENT_TARGET = 18.5;
				LOCALIZATION_PREFERS_STRING_CATALOGS = YES;
				MTL_ENABLE_DEBUG_INFO = INCLUDE_SOURCE;
				MTL_FAST_MATH = YES;
				ONLY_ACTIVE_ARCH = YES;
				SDKROOT = iphoneos;
				SWIFT_ACTIVE_COMPILATION_CONDITIONS = "DEBUG $(inherited)";
				SWIFT_OPTIMIZATION_LEVEL = "-Onone";
			};
			name = Debug;
		};
		5CFFCACE2E22B4F0009AB056 /* Release */ = {
			isa = XCBuildConfiguration;
			buildSettings = {
				ALWAYS_SEARCH_USER_PATHS = NO;
				ASSETCATALOG_COMPILER_GENERATE_SWIFT_ASSET_SYMBOL_EXTENSIONS = YES;
				CLANG_ANALYZER_NONNULL = YES;
				CLANG_ANALYZER_NUMBER_OBJECT_CONVERSION = YES_AGGRESSIVE;
				CLANG_CXX_LANGUAGE_STANDARD = "gnu++20";
				CLANG_ENABLE_MODULES = YES;
				CLANG_ENABLE_OBJC_ARC = YES;
				CLANG_ENABLE_OBJC_WEAK = YES;
				CLANG_WARN_BLOCK_CAPTURE_AUTORELEASING = YES;
				CLANG_WARN_BOOL_CONVERSION = YES;
				CLANG_WARN_COMMA = YES;
				CLANG_WARN_CONSTANT_CONVERSION = YES;
				CLANG_WARN_DEPRECATED_OBJC_IMPLEMENTATIONS = YES;
				CLANG_WARN_DIRECT_OBJC_ISA_USAGE = YES_ERROR;
				CLANG_WARN_DOCUMENTATION_COMMENTS = YES;
				CLANG_WARN_EMPTY_BODY = YES;
				CLANG_WARN_ENUM_CONVERSION = YES;
				CLANG_WARN_INFINITE_RECURSION = YES;
				CLANG_WARN_INT_CONVERSION = YES;
				CLANG_WARN_NON_LITERAL_NULL_CONVERSION = YES;
				CLANG_WARN_OBJC_IMPLICIT_RETAIN_SELF = YES;
				CLANG_WARN_OBJC_LITERAL_CONVERSION = YES;
				CLANG_WARN_OBJC_ROOT_CLASS = YES_ERROR;
				CLANG_WARN_QUOTED_INCLUDE_IN_FRAMEWORK_HEADER = YES;
				CLANG_WARN_RANGE_LOOP_ANALYSIS = YES;
				CLANG_WARN_STRICT_PROTOTYPES = YES;
				CLANG_WARN_SUSPICIOUS_MOVE = YES;
				CLANG_WARN_UNGUARDED_AVAILABILITY = YES_AGGRESSIVE;
				CLANG_WARN_UNREACHABLE_CODE = YES;
				CLANG_WARN__DUPLICATE_METHOD_MATCH = YES;
				COPY_PHASE_STRIP = NO;
				DEBUG_INFORMATION_FORMAT = "dwarf-with-dsym";
				DEVELOPMENT_TEAM = C8U2GXV8S7;
				ENABLE_NS_ASSERTIONS = NO;
				ENABLE_STRICT_OBJC_MSGSEND = YES;
				ENABLE_USER_SCRIPT_SANDBOXING = YES;
				GCC_C_LANGUAGE_STANDARD = gnu17;
				GCC_NO_COMMON_BLOCKS = YES;
				GCC_WARN_64_TO_32_BIT_CONVERSION = YES;
				GCC_WARN_ABOUT_RETURN_TYPE = YES_ERROR;
				GCC_WARN_UNDECLARED_SELECTOR = YES;
				GCC_WARN_UNINITIALIZED_AUTOS = YES_AGGRESSIVE;
				GCC_WARN_UNUSED_FUNCTION = YES;
				GCC_WARN_UNUSED_VARIABLE = YES;
				IPHONEOS_DEPLOYMENT_TARGET = 18.5;
				LOCALIZATION_PREFERS_STRING_CATALOGS = YES;
				MTL_ENABLE_DEBUG_INFO = NO;
				MTL_FAST_MATH = YES;
				SDKROOT = iphoneos;
				SWIFT_COMPILATION_MODE = wholemodule;
				VALIDATE_PRODUCT = YES;
			};
			name = Release;
		};
		5CFFCAD02E22B4F0009AB056 /* Debug */ = {
			isa = XCBuildConfiguration;
			buildSettings = {
				ASSETCATALOG_COMPILER_APPICON_NAME = AppIcon;
				ASSETCATALOG_COMPILER_GLOBAL_ACCENT_COLOR_NAME = AccentColor;
				CODE_SIGN_STYLE = Automatic;
				CURRENT_PROJECT_VERSION = 1;
				DEVELOPMENT_TEAM = C8U2GXV8S7;
				ENABLE_PREVIEWS = YES;
				GENERATE_INFOPLIST_FILE = YES;
				INFOPLIST_KEY_UIApplicationSceneManifest_Generation = YES;
				INFOPLIST_KEY_UIApplicationSupportsIndirectInputEvents = YES;
				INFOPLIST_KEY_UILaunchScreen_Generation = YES;
				INFOPLIST_KEY_UISupportedInterfaceOrientations_iPad = "UIInterfaceOrientationPortrait UIInterfaceOrientationPortraitUpsideDown UIInterfaceOrientationLandscapeLeft UIInterfaceOrientationLandscapeRight";
				INFOPLIST_KEY_UISupportedInterfaceOrientations_iPhone = "UIInterfaceOrientationPortrait UIInterfaceOrientationLandscapeLeft UIInterfaceOrientationLandscapeRight";
				LD_RUNPATH_SEARCH_PATHS = (
					"$(inherited)",
					"@executable_path/Frameworks",
				);
				MARKETING_VERSION = 1.0;
				PRODUCT_BUNDLE_IDENTIFIER = "prk.Crypto-iOS";
				PRODUCT_NAME = "$(TARGET_NAME)";
				SWIFT_EMIT_LOC_STRINGS = YES;
				SWIFT_VERSION = 5.0;
				TARGETED_DEVICE_FAMILY = "1,2";
			};
			name = Debug;
		};
		5CFFCAD12E22B4F0009AB056 /* Release */ = {
			isa = XCBuildConfiguration;
			buildSettings = {
				ASSETCATALOG_COMPILER_APPICON_NAME = AppIcon;
				ASSETCATALOG_COMPILER_GLOBAL_ACCENT_COLOR_NAME = AccentColor;
				CODE_SIGN_STYLE = Automatic;
				CURRENT_PROJECT_VERSION = 1;
				DEVELOPMENT_TEAM = C8U2GXV8S7;
				ENABLE_PREVIEWS = YES;
				GENERATE_INFOPLIST_FILE = YES;
				INFOPLIST_KEY_UIApplicationSceneManifest_Generation = YES;
				INFOPLIST_KEY_UIApplicationSupportsIndirectInputEvents = YES;
				INFOPLIST_KEY_UILaunchScreen_Generation = YES;
				INFOPLIST_KEY_UISupportedInterfaceOrientations_iPad = "UIInterfaceOrientationPortrait UIInterfaceOrientationPortraitUpsideDown UIInterfaceOrientationLandscapeLeft UIInterfaceOrientationLandscapeRight";
				INFOPLIST_KEY_UISupportedInterfaceOrientations_iPhone = "UIInterfaceOrientationPortrait UIInterfaceOrientationLandscapeLeft UIInterfaceOrientationLandscapeRight";
				LD_RUNPATH_SEARCH_PATHS = (
					"$(inherited)",
					"@executable_path/Frameworks",
				);
				MARKETING_VERSION = 1.0;
				PRODUCT_BUNDLE_IDENTIFIER = "prk.Crypto-iOS";
				PRODUCT_NAME = "$(TARGET_NAME)";
				SWIFT_EMIT_LOC_STRINGS = YES;
				SWIFT_VERSION = 5.0;
				TARGETED_DEVICE_FAMILY = "1,2";
			};
			name = Release;
		};
		5CFFCAD32E22B4F0009AB056 /* Debug */ = {
			isa = XCBuildConfiguration;
			buildSettings = {
				BUNDLE_LOADER = "$(TEST_HOST)";
				CODE_SIGN_STYLE = Automatic;
				CURRENT_PROJECT_VERSION = 1;
				DEVELOPMENT_TEAM = C8U2GXV8S7;
				GENERATE_INFOPLIST_FILE = YES;
				IPHONEOS_DEPLOYMENT_TARGET = 18.5;
				MARKETING_VERSION = 1.0;
				PRODUCT_BUNDLE_IDENTIFIER = "prk.Crypto-iOSTests";
				PRODUCT_NAME = "$(TARGET_NAME)";
				SWIFT_EMIT_LOC_STRINGS = NO;
				SWIFT_VERSION = 5.0;
				TARGETED_DEVICE_FAMILY = "1,2";
				TEST_HOST = "$(BUILT_PRODUCTS_DIR)/Crypto.iOS.app/$(BUNDLE_EXECUTABLE_FOLDER_PATH)/Crypto.iOS";
			};
			name = Debug;
		};
		5CFFCAD42E22B4F0009AB056 /* Release */ = {
			isa = XCBuildConfiguration;
			buildSettings = {
				BUNDLE_LOADER = "$(TEST_HOST)";
				CODE_SIGN_STYLE = Automatic;
				CURRENT_PROJECT_VERSION = 1;
				DEVELOPMENT_TEAM = C8U2GXV8S7;
				GENERATE_INFOPLIST_FILE = YES;
				IPHONEOS_DEPLOYMENT_TARGET = 18.5;
				MARKETING_VERSION = 1.0;
				PRODUCT_BUNDLE_IDENTIFIER = "prk.Crypto-iOSTests";
				PRODUCT_NAME = "$(TARGET_NAME)";
				SWIFT_EMIT_LOC_STRINGS = NO;
				SWIFT_VERSION = 5.0;
				TARGETED_DEVICE_FAMILY = "1,2";
				TEST_HOST = "$(BUILT_PRODUCTS_DIR)/Crypto.iOS.app/$(BUNDLE_EXECUTABLE_FOLDER_PATH)/Crypto.iOS";
			};
			name = Release;
		};
		5CFFCAD62E22B4F0009AB056 /* Debug */ = {
			isa = XCBuildConfiguration;
			buildSettings = {
				CODE_SIGN_STYLE = Automatic;
				CURRENT_PROJECT_VERSION = 1;
				DEVELOPMENT_TEAM = C8U2GXV8S7;
				GENERATE_INFOPLIST_FILE = YES;
				MARKETING_VERSION = 1.0;
				PRODUCT_BUNDLE_IDENTIFIER = "prk.Crypto-iOSUITests";
				PRODUCT_NAME = "$(TARGET_NAME)";
				SWIFT_EMIT_LOC_STRINGS = NO;
				SWIFT_VERSION = 5.0;
				TARGETED_DEVICE_FAMILY = "1,2";
				TEST_TARGET_NAME = Crypto.iOS;
			};
			name = Debug;
		};
		5CFFCAD72E22B4F0009AB056 /* Release */ = {
			isa = XCBuildConfiguration;
			buildSettings = {
				CODE_SIGN_STYLE = Automatic;
				CURRENT_PROJECT_VERSION = 1;
				DEVELOPMENT_TEAM = C8U2GXV8S7;
				GENERATE_INFOPLIST_FILE = YES;
				MARKETING_VERSION = 1.0;
				PRODUCT_BUNDLE_IDENTIFIER = "prk.Crypto-iOSUITests";
				PRODUCT_NAME = "$(TARGET_NAME)";
				SWIFT_EMIT_LOC_STRINGS = NO;
				SWIFT_VERSION = 5.0;
				TARGETED_DEVICE_FAMILY = "1,2";
				TEST_TARGET_NAME = Crypto.iOS;
			};
			name = Release;
		};
/* End XCBuildConfiguration section */

/* Begin XCConfigurationList section */
		5CFFCAA92E22B4EF009AB056 /* Build configuration list for PBXProject "Crypto.iOS" */ = {
			isa = XCConfigurationList;
			buildConfigurations = (
				5CFFCACD2E22B4F0009AB056 /* Debug */,
				5CFFCACE2E22B4F0009AB056 /* Release */,
			);
			defaultConfigurationIsVisible = 0;
			defaultConfigurationName = Release;
		};
		5CFFCACF2E22B4F0009AB056 /* Build configuration list for PBXNativeTarget "Crypto.iOS" */ = {
			isa = XCConfigurationList;
			buildConfigurations = (
				5CFFCAD02E22B4F0009AB056 /* Debug */,
				5CFFCAD12E22B4F0009AB056 /* Release */,
			);
			defaultConfigurationIsVisible = 0;
			defaultConfigurationName = Release;
		};
		5CFFCAD22E22B4F0009AB056 /* Build configuration list for PBXNativeTarget "Crypto.iOSTests" */ = {
			isa = XCConfigurationList;
			buildConfigurations = (
				5CFFCAD32E22B4F0009AB056 /* Debug */,
				5CFFCAD42E22B4F0009AB056 /* Release */,
			);
			defaultConfigurationIsVisible = 0;
			defaultConfigurationName = Release;
		};
		5CFFCAD52E22B4F0009AB056 /* Build configuration list for PBXNativeTarget "Crypto.iOSUITests" */ = {
			isa = XCConfigurationList;
			buildConfigurations = (
				5CFFCAD62E22B4F0009AB056 /* Debug */,
				5CFFCAD72E22B4F0009AB056 /* Release */,
			);
			defaultConfigurationIsVisible = 0;
			defaultConfigurationName = Release;
		};
/* End XCConfigurationList section */

/* Begin XCRemoteSwiftPackageReference section */
		5CFFCB322E22BC68009AB056 /* XCRemoteSwiftPackageReference "SDWebImageSwiftUI" */ = {
			isa = XCRemoteSwiftPackageReference;
			repositoryURL = "https://github.com/SDWebImage/SDWebImageSwiftUI";
			requirement = {
				kind = upToNextMajorVersion;
				minimumVersion = 3.1.3;
			};
		};
/* End XCRemoteSwiftPackageReference section */

/* Begin XCSwiftPackageProductDependency section */
		5CFFCB332E22BC68009AB056 /* SDWebImageSwiftUI */ = {
			isa = XCSwiftPackageProductDependency;
			package = 5CFFCB322E22BC68009AB056 /* XCRemoteSwiftPackageReference "SDWebImageSwiftUI" */;
			productName = SDWebImageSwiftUI;
		};
/* End XCSwiftPackageProductDependency section */
	};
	rootObject = 5CFFCAA62E22B4EF009AB056 /* Project object */;
}
